
Microsoft Visual Studio Solution File, Format Version 12.00
# Visual Studio Version 17
VisualStudioVersion = 17.1.32421.90
MinimumVisualStudioVersion = 10.0.40219.1
Project("{FAE04EC0-301F-11D3-BF4B-00C04F79EFBC}") = "FinalTaskApi", "FinalTaskApi\FinalTaskApi.csproj", "{AECBAE75-1C6B-4392-815B-0C77C2F081D7}"
EndProject
Project("{FAE04EC0-301F-11D3-BF4B-00C04F79EFBC}") = "learn.core", "learn.core\learn.core.csproj", "{1B40970C-6C0F-423A-9909-B91C9349554F}"
EndProject
Project("{FAE04EC0-301F-11D3-BF4B-00C04F79EFBC}") = "learn.infra", "learn.infra\learn.infra.csproj", "{A2D2FFAB-71FD-4D29-8B54-8D617301F143}"
EndProject
Global
	GlobalSection(SolutionConfigurationPlatforms) = preSolution
		Debug|Any CPU = Debug|Any CPU
		Release|Any CPU = Release|Any CPU
	EndGlobalSection
	GlobalSection(ProjectConfigurationPlatforms) = postSolution
		{AECBAE75-1C6B-4392-815B-0C77C2F081D7}.Debug|Any CPU.ActiveCfg = Debug|Any CPU
		{AECBAE75-1C6B-4392-815B-0C77C2F081D7}.Debug|Any CPU.Build.0 = Debug|Any CPU
		{AECBAE75-1C6B-4392-815B-0C77C2F081D7}.Release|Any CPU.ActiveCfg = Release|Any CPU
		{AECBAE75-1C6B-4392-815B-0C77C2F081D7}.Release|Any CPU.Build.0 = Release|Any CPU
		{1B40970C-6C0F-423A-9909-B91C9349554F}.Debug|Any CPU.ActiveCfg = Debug|Any CPU
		{1B40970C-6C0F-423A-9909-B91C9349554F}.Debug|Any CPU.Build.0 = Debug|Any CPU
		{1B40970C-6C0F-423A-9909-B91C9349554F}.Release|Any CPU.ActiveCfg = Release|Any CPU
		{1B40970C-6C0F-423A-9909-B91C9349554F}.Release|Any CPU.Build.0 = Release|Any CPU
		{A2D2FFAB-71FD-4D29-8B54-8D617301F143}.Debug|Any CPU.ActiveCfg = Debug|Any CPU
		{A2D2FFAB-71FD-4D29-8B54-8D617301F143}.Debug|Any CPU.Build.0 = Debug|Any CPU
		{A2D2FFAB-71FD-4D29-8B54-8D617301F143}.Release|Any CPU.ActiveCfg = Release|Any CPU
		{A2D2FFAB-71FD-4D29-8B54-8D617301F143}.Release|Any CPU.Build.0 = Release|Any CPU
	EndGlobalSection
	GlobalSection(SolutionProperties) = preSolution
		HideSolutionNode = FALSE
	EndGlobalSection
	GlobalSection(ExtensibilityGlobals) = postSolution
		SolutionGuid = {6036AACE-4D07-4260-80BC-77721CC33A95}
	EndGlobalSection
EndGlobal
